{
  "name": "typed-monorepo",
  "version": "1.0.0",
  "lockfileVersion": 2,
  "requires": true,
  "packages": {
    "": {
      "name": "typed-monorepo",
      "version": "1.0.0",
      "license": "ISC",
      "dependencies": {
        "@ts-rest/core": "^3.30.1",
        "zod": "^3.22.2"
      },
      "devDependencies": {
        "typescript": "^5.2.2"
      }
    },
    "node_modules/@ts-rest/core": {
      "version": "3.30.1",
      "resolved": "https://registry.npmjs.org/@ts-rest/core/-/core-3.30.1.tgz",
      "integrity": "sha512-8Q++587eDbrzxqqLK51gZ/o/hnSHNCiz9Gjou9CI/Sq9xEVrPA/JIzRgeuNpc7VGZX/23SaIYhoeRilo9AnMvw==",
      "peerDependencies": {
        "zod": "^3.21.0"
      },
      "peerDependenciesMeta": {
        "zod": {
          "optional": true
        }
      }
    },
    "node_modules/typescript": {
      "version": "5.2.2",
      "resolved": "https://registry.npmjs.org/typescript/-/typescript-5.2.2.tgz",
      "integrity": "sha512-mI4WrpHsbCIcwT9cF4FZvr80QUeKvsUsUvKDoR+X/7XHQH98xYD8YHZg7ANtz2GtZt/CBq2QJ0thkGJMHfqc1w==",
      "dev": true,
      "bin": {
        "tsc": "bin/tsc",
        "tsserver": "bin/tsserver"
      },
      "engines": {
        "node": ">=14.17"
      }
    },
    "node_modules/zod": {
      "version": "3.22.2",
      "resolved": "https://registry.npmjs.org/zod/-/zod-3.22.2.tgz",
      "integrity": "sha512-wvWkphh5WQsJbVk1tbx1l1Ly4yg+XecD+Mq280uBGt9wa5BKSWf4Mhp6GmrkPixhMxmabYY7RbzlwVP32pbGCg==",
      "funding": {
        "url": "https://github.com/sponsors/colinhacks"
      }
    }
  },
  "dependencies": {
    "@ts-rest/core": {
      "version": "3.30.1",
      "resolved": "https://registry.npmjs.org/@ts-rest/core/-/core-3.30.1.tgz",
      "integrity": "sha512-8Q++587eDbrzxqqLK51gZ/o/hnSHNCiz9Gjou9CI/Sq9xEVrPA/JIzRgeuNpc7VGZX/23SaIYhoeRilo9AnMvw==",
      "requires": {}
    },
    "typescript": {
      "version": "5.2.2",
      "resolved": "https://registry.npmjs.org/typescript/-/typescript-5.2.2.tgz",
      "integrity": "sha512-mI4WrpHsbCIcwT9cF4FZvr80QUeKvsUsUvKDoR+X/7XHQH98xYD8YHZg7ANtz2GtZt/CBq2QJ0thkGJMHfqc1w==",
      "dev": true
    },
    "zod": {
      "version": "3.22.2",
      "resolved": "https://registry.npmjs.org/zod/-/zod-3.22.2.tgz",
      "integrity": "sha512-wvWkphh5WQsJbVk1tbx1l1Ly4yg+XecD+Mq280uBGt9wa5BKSWf4Mhp6GmrkPixhMxmabYY7RbzlwVP32pbGCg=="
    }
  }
}
